
Microsoft Visual Studio Solution File, Format Version 11.00
# Visual Studio 2010
Project("{FAE04EC0-301F-11D3-BF4B-00C04F79EFBC}") = "ScratchyIdiotSoother", "ScratchyDerby\ScratchyIdiotSoother.csproj", "{C374AD57-C73D-45A4-A910-C6E6F0E960E1}"
EndProject
Project("{FAE04EC0-301F-11D3-BF4B-00C04F79EFBC}") = "ScratchyIdiotSootherContent", "ScratchyDerbyContent\ScratchyIdiotSootherContent.contentproj", "{5445846E-AA81-4DE2-A3BE-85538854562F}"
EndProject
Global
	GlobalSection(SolutionConfigurationPlatforms) = preSolution
		Debug|x86 = Debug|x86
		Release|x86 = Release|x86
	EndGlobalSection
	GlobalSection(ProjectConfigurationPlatforms) = postSolution
		{C374AD57-C73D-45A4-A910-C6E6F0E960E1}.Debug|x86.ActiveCfg = Debug|x86
		{C374AD57-C73D-45A4-A910-C6E6F0E960E1}.Debug|x86.Build.0 = Debug|x86
		{C374AD57-C73D-45A4-A910-C6E6F0E960E1}.Release|x86.ActiveCfg = Release|x86
		{5445846E-AA81-4DE2-A3BE-85538854562F}.Debug|x86.ActiveCfg = Debug|x86
		{5445846E-AA81-4DE2-A3BE-85538854562F}.Release|x86.ActiveCfg = Release|x86
	EndGlobalSection
	GlobalSection(SolutionProperties) = preSolution
		HideSolutionNode = FALSE
	EndGlobalSection
EndGlobal
